
Microsoft Visual Studio Solution File, Format Version 12.00
# Visual Studio Version 16
VisualStudioVersion = 16.0.30204.135
MinimumVisualStudioVersion = 10.0.40219.1
Project("{FAE04EC0-301F-11D3-BF4B-00C04F79EFBC}") = "EESharp With Userinterface", "EESharp With Userinterface.csproj", "{DA6A0900-5AE8-4774-812D-809C59E591AF}"
EndProject
Project("{FAE04EC0-301F-11D3-BF4B-00C04F79EFBC}") = "EESharp Console", "..\EESharp Console\EESharp Console.csproj", "{B26343C8-A7C3-48BF-B81D-84850407698E}"
EndProject
Global
	GlobalSection(SolutionConfigurationPlatforms) = preSolution
		Debug|Any CPU = Debug|Any CPU
		Release|Any CPU = Release|Any CPU
	EndGlobalSection
	GlobalSection(ProjectConfigurationPlatforms) = postSolution
		{DA6A0900-5AE8-4774-812D-809C59E591AF}.Debug|Any CPU.ActiveCfg = Debug|Any CPU
		{DA6A0900-5AE8-4774-812D-809C59E591AF}.Debug|Any CPU.Build.0 = Debug|Any CPU
		{DA6A0900-5AE8-4774-812D-809C59E591AF}.Release|Any CPU.ActiveCfg = Release|Any CPU
		{DA6A0900-5AE8-4774-812D-809C59E591AF}.Release|Any CPU.Build.0 = Release|Any CPU
		{B26343C8-A7C3-48BF-B81D-84850407698E}.Debug|Any CPU.ActiveCfg = Debug|Any CPU
		{B26343C8-A7C3-48BF-B81D-84850407698E}.Debug|Any CPU.Build.0 = Debug|Any CPU
		{B26343C8-A7C3-48BF-B81D-84850407698E}.Release|Any CPU.ActiveCfg = Release|Any CPU
		{B26343C8-A7C3-48BF-B81D-84850407698E}.Release|Any CPU.Build.0 = Release|Any CPU
	EndGlobalSection
	GlobalSection(SolutionProperties) = preSolution
		HideSolutionNode = FALSE
	EndGlobalSection
	GlobalSection(ExtensibilityGlobals) = postSolution
		SolutionGuid = {21368D34-35FE-4B26-B61F-831985E2B752}
	EndGlobalSection
EndGlobal
